{
  "name": "docker-logs-checker",
  "version": "1.0.0",
  "lockfileVersion": 3,
  "requires": true,
  "packages": {
    "": {
      "name": "docker-logs-checker",
      "version": "1.0.0",
      "license": "ISC",
      "dependencies": {
        "ssh2": "^1.17.0"
      }
    },
    "achievement-service": {
      "version": "1.0.0",
      "extraneous": true,
      "dependencies": {
        "@types/express-session": "^1.18.2",
        "axios": "^1.6.2",
        "connect-redis": "^9.0.0",
        "cors": "^2.8.5",
        "dotenv": "^16.3.1",
        "express": "^4.18.2",
        "express-session": "^1.18.2",
        "mongoose": "^8.0.3",
        "redis": "^5.8.3",
        "winston": "^3.11.0"
      },
      "devDependencies": {
        "@types/cors": "^2.8.17",
        "@types/express": "^4.17.21",
        "@types/node": "^20.10.0",
        "tsx": "^4.6.2",
        "typescript": "^5.3.2"
      }
    },
    "admin-service": {
      "version": "1.0.0",
      "extraneous": true,
      "dependencies": {
        "cors": "^2.8.5",
        "dotenv": "^16.3.1",
        "express": "^4.18.2",
        "redis": "^4.6.10",
        "winston": "^3.11.0"
      },
      "devDependencies": {
        "@types/cors": "^2.8.17",
        "@types/express": "^4.17.21",
        "@types/node": "^20.10.5",
        "ts-node-dev": "^2.0.0",
        "typescript": "^5.3.3"
      }
    },
    "advertising-service": {
      "version": "1.0.0",
      "extraneous": true,
      "dependencies": {
        "cors": "^2.8.5",
        "dotenv": "^16.3.1",
        "express": "^4.18.2",
        "mongoose": "^8.0.3",
        "winston": "^3.11.0"
      },
      "devDependencies": {
        "@types/cors": "^2.8.17",
        "@types/express": "^4.17.21",
        "@types/node": "^20.10.5",
        "ts-node-dev": "^2.0.0",
        "typescript": "^5.3.3"
      }
    },
    "analytics-service": {
      "version": "1.0.0",
      "extraneous": true,
      "dependencies": {
        "axios": "^1.6.2",
        "cors": "^2.8.5",
        "dotenv": "^16.3.1",
        "express": "^4.18.2",
        "mongoose": "^8.0.3",
        "winston": "^3.11.0"
      },
      "devDependencies": {
        "@types/cors": "^2.8.17",
        "@types/express": "^4.17.21",
        "@types/node": "^20.10.5",
        "ts-node-dev": "^2.0.0",
        "typescript": "^5.3.3"
      }
    },
    "api-gateway": {
      "version": "1.0.0",
      "extraneous": true,
      "dependencies": {
        "axios": "^1.6.2",
        "cors": "^2.8.5",
        "dotenv": "^16.3.1",
        "express": "^4.18.2",
        "http-proxy-middleware": "^2.0.6",
        "winston": "^3.11.0"
      },
      "devDependencies": {
        "@types/cors": "^2.8.17",
        "@types/express": "^4.17.21",
        "@types/node": "^20.10.0",
        "tsx": "^4.6.2",
        "typescript": "^5.3.2"
      }
    },
    "auth-service": {
      "version": "1.0.0",
      "extraneous": true,
      "dependencies": {
        "axios": "^1.6.2",
        "bcryptjs": "^2.4.3",
        "connect-redis": "^7.1.0",
        "cookie-parser": "^1.4.6",
        "cors": "^2.8.5",
        "dotenv": "^16.3.1",
        "express": "^4.18.2",
        "express-session": "^1.17.3",
        "jsonwebtoken": "^9.0.2",
        "mongoose": "^8.0.3",
        "passport": "^0.7.0",
        "passport-github2": "^0.1.12",
        "passport-google-oauth20": "^2.0.0",
        "passport-local": "^1.0.0",
        "redis": "^4.6.10",
        "winston": "^3.11.0"
      },
      "devDependencies": {
        "@types/bcryptjs": "^2.4.6",
        "@types/cookie-parser": "^1.4.6",
        "@types/cors": "^2.8.17",
        "@types/express": "^4.17.21",
        "@types/express-session": "^1.17.10",
        "@types/jsonwebtoken": "^9.0.5",
        "@types/node": "^20.10.0",
        "@types/passport": "^1.0.16",
        "@types/passport-github2": "^1.2.9",
        "@types/passport-google-oauth20": "^2.0.16",
        "@types/passport-local": "^1.0.38",
        "tsx": "^4.6.2",
        "typescript": "^5.3.2"
      }
    },
    "community-service": {
      "version": "1.0.0",
      "extraneous": true,
      "dependencies": {
        "axios": "^1.6.2",
        "cors": "^2.8.5",
        "dotenv": "^16.3.1",
        "express": "^4.18.2",
        "mongoose": "^8.0.3",
        "winston": "^3.11.0"
      },
      "devDependencies": {
        "@types/cors": "^2.8.17",
        "@types/express": "^4.17.21",
        "@types/node": "^20.10.5",
        "ts-node-dev": "^2.0.0",
        "typescript": "^5.3.3"
      }
    },
    "content-service": {
      "version": "1.0.0",
      "extraneous": true,
      "dependencies": {
        "axios": "^1.6.2",
        "cors": "^2.8.5",
        "dotenv": "^16.3.1",
        "express": "^4.18.2",
        "mongoose": "^8.0.3",
        "mongoose-unique-validator": "^5.0.0",
        "redis": "^4.6.10",
        "winston": "^3.11.0"
      },
      "devDependencies": {
        "@types/cors": "^2.8.17",
        "@types/express": "^4.17.21",
        "@types/node": "^20.10.0",
        "tsx": "^4.6.2",
        "typescript": "^5.3.2"
      }
    },
    "course-service": {
      "version": "1.0.0",
      "extraneous": true,
      "dependencies": {
        "axios": "^1.6.2",
        "cors": "^2.8.5",
        "dotenv": "^16.3.1",
        "express": "^4.18.2",
        "mongoose": "^8.0.3",
        "winston": "^3.11.0"
      },
      "devDependencies": {
        "@types/cors": "^2.8.17",
        "@types/express": "^4.17.21",
        "@types/node": "^20.10.0",
        "tsx": "^4.6.2",
        "typescript": "^5.3.2"
      }
    },
    "media-service": {
      "version": "1.0.0",
      "extraneous": true,
      "dependencies": {
        "axios": "^1.6.2",
        "cors": "^2.8.5",
        "dotenv": "^16.3.1",
        "express": "^4.18.2",
        "winston": "^3.11.0"
      },
      "devDependencies": {
        "@types/cors": "^2.8.17",
        "@types/express": "^4.17.21",
        "@types/node": "^20.10.5",
        "ts-node-dev": "^2.0.0",
        "typescript": "^5.3.3"
      }
    },
    "node_modules/asn1": {
      "version": "0.2.6",
      "resolved": "https://registry.npmjs.org/asn1/-/asn1-0.2.6.tgz",
      "integrity": "sha512-ix/FxPn0MDjeyJ7i/yoHGFt/EX6LyNbxSEhPPXODPL+KB0VPk86UYfL0lMdy+KCnv+fmvIzySwaK5COwqVbWTQ==",
      "license": "MIT",
      "dependencies": {
        "safer-buffer": "~2.1.0"
      }
    },
    "node_modules/bcrypt-pbkdf": {
      "version": "1.0.2",
      "resolved": "https://registry.npmjs.org/bcrypt-pbkdf/-/bcrypt-pbkdf-1.0.2.tgz",
      "integrity": "sha512-qeFIXtP4MSoi6NLqO12WfqARWWuCKi2Rn/9hJLEmtB5yTNr9DqFWkJRCf2qShWzPeAMRnOgCrq0sg/KLv5ES9w==",
      "license": "BSD-3-Clause",
      "dependencies": {
        "tweetnacl": "^0.14.3"
      }
    },
    "node_modules/buildcheck": {
      "version": "0.0.6",
      "resolved": "https://registry.npmjs.org/buildcheck/-/buildcheck-0.0.6.tgz",
      "integrity": "sha512-8f9ZJCUXyT1M35Jx7MkBgmBMo3oHTTBIPLiY9xyL0pl3T5RwcPEY8cUHr5LBNfu/fk6c2T4DJZuVM/8ZZT2D2A==",
      "optional": true,
      "engines": {
        "node": ">=10.0.0"
      }
    },
    "node_modules/cpu-features": {
      "version": "0.0.10",
      "resolved": "https://registry.npmjs.org/cpu-features/-/cpu-features-0.0.10.tgz",
      "integrity": "sha512-9IkYqtX3YHPCzoVg1Py+o9057a3i0fp7S530UWokCSaFVTc7CwXPRiOjRjBQQ18ZCNafx78YfnG+HALxtVmOGA==",
      "hasInstallScript": true,
      "optional": true,
      "dependencies": {
        "buildcheck": "~0.0.6",
        "nan": "^2.19.0"
      },
      "engines": {
        "node": ">=10.0.0"
      }
    },
    "node_modules/nan": {
      "version": "2.23.1",
      "resolved": "https://registry.npmjs.org/nan/-/nan-2.23.1.tgz",
      "integrity": "sha512-r7bBUGKzlqk8oPBDYxt6Z0aEdF1G1rwlMcLk8LCOMbOzf0mG+JUfUzG4fIMWwHWP0iyaLWEQZJmtB7nOHEm/qw==",
      "license": "MIT",
      "optional": true
    },
    "node_modules/safer-buffer": {
      "version": "2.1.2",
      "resolved": "https://registry.npmjs.org/safer-buffer/-/safer-buffer-2.1.2.tgz",
      "integrity": "sha512-YZo3K82SD7Riyi0E1EQPojLz7kpepnSQI9IyPbHHg1XXXevb5dJI7tpyN2ADxGcQbHG7vcyRHk0cbwqcQriUtg==",
      "license": "MIT"
    },
    "node_modules/ssh2": {
      "version": "1.17.0",
      "resolved": "https://registry.npmjs.org/ssh2/-/ssh2-1.17.0.tgz",
      "integrity": "sha512-wPldCk3asibAjQ/kziWQQt1Wh3PgDFpC0XpwclzKcdT1vql6KeYxf5LIt4nlFkUeR8WuphYMKqUA56X4rjbfgQ==",
      "hasInstallScript": true,
      "dependencies": {
        "asn1": "^0.2.6",
        "bcrypt-pbkdf": "^1.0.2"
      },
      "engines": {
        "node": ">=10.16.0"
      },
      "optionalDependencies": {
        "cpu-features": "~0.0.10",
        "nan": "^2.23.0"
      }
    },
    "node_modules/tweetnacl": {
      "version": "0.14.5",
      "resolved": "https://registry.npmjs.org/tweetnacl/-/tweetnacl-0.14.5.tgz",
      "integrity": "sha512-KXXFFdAbFXY4geFIwoyNK+f5Z1b7swfXABfL7HXCmoIWMKU3dmS26672A4EeQtDzLKy7SXmfBu51JolvEKwtGA==",
      "license": "Unlicense"
    },
    "notification-service": {
      "version": "1.0.0",
      "extraneous": true,
      "dependencies": {
        "@types/express-session": "^1.18.2",
        "axios": "^1.6.2",
        "connect-redis": "^9.0.0",
        "cors": "^2.8.5",
        "dotenv": "^16.3.1",
        "express": "^4.18.2",
        "express-session": "^1.18.2",
        "mongoose": "^8.0.3",
        "nodemailer": "^6.9.7",
        "passport": "^0.7.0",
        "redis": "^5.8.3",
        "web-push": "^3.6.6",
        "winston": "^3.11.0"
      },
      "devDependencies": {
        "@types/cors": "^2.8.17",
        "@types/express": "^4.17.21",
        "@types/node": "^20.10.0",
        "@types/nodemailer": "^6.4.14",
        "@types/passport": "^1.0.16",
        "@types/web-push": "^3.6.3",
        "tsx": "^4.6.2",
        "typescript": "^5.3.2"
      }
    },
    "uploader-service": {
      "version": "1.0.0",
      "extraneous": true,
      "dependencies": {
        "@aws-sdk/client-s3": "^3.450.0",
        "@aws-sdk/s3-request-presigner": "^3.450.0",
        "axios": "^1.4.0",
        "bull": "^4.12.9",
        "cors": "^2.8.5",
        "dotenv": "^16.3.1",
        "express": "^4.18.2",
        "fluent-ffmpeg": "^2.1.2",
        "ioredis": "^5.3.2",
        "mongoose": "^7.3.1",
        "multer": "^1.4.5-lts.1",
        "sharp": "^0.32.1",
        "winston": "^3.11.0"
      },
      "devDependencies": {
        "@types/cors": "^2.8.17",
        "@types/express": "^4.17.21",
        "@types/fluent-ffmpeg": "^2.1.24",
        "@types/multer": "^1.4.11",
        "@types/node": "^20.10.0",
        "tsx": "^4.6.2",
        "typescript": "^5.3.2"
      }
    }
  }
}
